#
# This file is autogenerated by pip-compile with Python 3.12
# by the following command:
#
#    pip-compile --no-emit-index-url --no-index --output-file=requirements-worker-fast.lock requirements-worker-fast.in
#
click==8.5.0
    # via rq
croniter==6.2.4
    # via rq
duckdb==1.5.5
    # via -r requirements-worker-fast.in
pyarrow==25.0.1
    # via -r requirements-worker-fast.in
python-dateutil==2.9.0.post0
    # via croniter
redis==8.1.0
    # via
    #   -r requirements-worker-fast.in
    #   rq
rq==2.12.0
    # via -r requirements-worker-fast.in
six==1.17.0
    # via python-dateutil
